
Microsoft Visual Studio Solution File, Format Version 12.00
# Visual Studio 15
VisualStudioVersion = 15.0.28010.2019
MinimumVisualStudioVersion = 10.0.40219.1
Project("{FAE04EC0-301F-11D3-BF4B-00C04F79EFBC}") = "WPF_Design-01", "WPF_Design-01\WPF_Design-01.csproj", "{135CFDA0-C38F-4BFA-92F8-3F7B1ABD027A}"
EndProject
Project("{FAE04EC0-301F-11D3-BF4B-00C04F79EFBC}") = "WPF_Design-02", "WPF_Design-02\WPF_Design-02.csproj", "{48A11C9A-799C-4408-B932-05A07E2BA19F}"
EndProject
Global
	GlobalSection(SolutionConfigurationPlatforms) = preSolution
		Debug|Any CPU = Debug|Any CPU
		Release|Any CPU = Release|Any CPU
	EndGlobalSection
	GlobalSection(ProjectConfigurationPlatforms) = postSolution
		{135CFDA0-C38F-4BFA-92F8-3F7B1ABD027A}.Debug|Any CPU.ActiveCfg = Debug|Any CPU
		{135CFDA0-C38F-4BFA-92F8-3F7B1ABD027A}.Debug|Any CPU.Build.0 = Debug|Any CPU
		{135CFDA0-C38F-4BFA-92F8-3F7B1ABD027A}.Release|Any CPU.ActiveCfg = Release|Any CPU
		{135CFDA0-C38F-4BFA-92F8-3F7B1ABD027A}.Release|Any CPU.Build.0 = Release|Any CPU
		{48A11C9A-799C-4408-B932-05A07E2BA19F}.Debug|Any CPU.ActiveCfg = Debug|Any CPU
		{48A11C9A-799C-4408-B932-05A07E2BA19F}.Debug|Any CPU.Build.0 = Debug|Any CPU
		{48A11C9A-799C-4408-B932-05A07E2BA19F}.Release|Any CPU.ActiveCfg = Release|Any CPU
		{48A11C9A-799C-4408-B932-05A07E2BA19F}.Release|Any CPU.Build.0 = Release|Any CPU
	EndGlobalSection
	GlobalSection(SolutionProperties) = preSolution
		HideSolutionNode = FALSE
	EndGlobalSection
	GlobalSection(ExtensibilityGlobals) = postSolution
		SolutionGuid = {B3D0B52B-869E-4DE8-8583-AD94ABAD7DC8}
	EndGlobalSection
EndGlobal
